
Microsoft Visual Studio Solution File, Format Version 12.00
# Visual Studio Version 16
VisualStudioVersion = 16.0.32510.428
MinimumVisualStudioVersion = 10.0.40219.1
Project("{FAE04EC0-301F-11D3-BF4B-00C04F79EFBC}") = "OOP2 LAB1 Windows Forms basics", "OOP2 LAB1 Windows Forms basics\OOP2 LAB1 Windows Forms basics.csproj", "{068DBD48-6E73-4FD8-AF9A-254A0DB7C38D}"
EndProject
Global
	GlobalSection(SolutionConfigurationPlatforms) = preSolution
		Debug|Any CPU = Debug|Any CPU
		Release|Any CPU = Release|Any CPU
	EndGlobalSection
	GlobalSection(ProjectConfigurationPlatforms) = postSolution
		{068DBD48-6E73-4FD8-AF9A-254A0DB7C38D}.Debug|Any CPU.ActiveCfg = Debug|Any CPU
		{068DBD48-6E73-4FD8-AF9A-254A0DB7C38D}.Debug|Any CPU.Build.0 = Debug|Any CPU
		{068DBD48-6E73-4FD8-AF9A-254A0DB7C38D}.Release|Any CPU.ActiveCfg = Release|Any CPU
		{068DBD48-6E73-4FD8-AF9A-254A0DB7C38D}.Release|Any CPU.Build.0 = Release|Any CPU
	EndGlobalSection
	GlobalSection(SolutionProperties) = preSolution
		HideSolutionNode = FALSE
	EndGlobalSection
	GlobalSection(ExtensibilityGlobals) = postSolution
		SolutionGuid = {53A7F69C-0F4C-48E7-B04B-F7E4922A9093}
	EndGlobalSection
EndGlobal
