
Microsoft Visual Studio Solution File, Format Version 12.00
# Visual Studio Version 16
VisualStudioVersion = 16.0.32510.428
MinimumVisualStudioVersion = 10.0.40219.1
Project("{FAE04EC0-301F-11D3-BF4B-00C04F79EFBC}") = "Brocode Inheritance", "Brocode Inheritance\Brocode Inheritance.csproj", "{835BF38A-9FF7-4159-A397-AF90FB7E7076}"
EndProject
Global
	GlobalSection(SolutionConfigurationPlatforms) = preSolution
		Debug|Any CPU = Debug|Any CPU
		Release|Any CPU = Release|Any CPU
	EndGlobalSection
	GlobalSection(ProjectConfigurationPlatforms) = postSolution
		{835BF38A-9FF7-4159-A397-AF90FB7E7076}.Debug|Any CPU.ActiveCfg = Debug|Any CPU
		{835BF38A-9FF7-4159-A397-AF90FB7E7076}.Debug|Any CPU.Build.0 = Debug|Any CPU
		{835BF38A-9FF7-4159-A397-AF90FB7E7076}.Release|Any CPU.ActiveCfg = Release|Any CPU
		{835BF38A-9FF7-4159-A397-AF90FB7E7076}.Release|Any CPU.Build.0 = Release|Any CPU
	EndGlobalSection
	GlobalSection(SolutionProperties) = preSolution
		HideSolutionNode = FALSE
	EndGlobalSection
	GlobalSection(ExtensibilityGlobals) = postSolution
		SolutionGuid = {B631A4E2-F2AA-494D-9012-8B26836C9FC1}
	EndGlobalSection
EndGlobal
