
Microsoft Visual Studio Solution File, Format Version 12.00
# Visual Studio Version 17
VisualStudioVersion = 17.2.32616.157
MinimumVisualStudioVersion = 10.0.40219.1
Project("{FAE04EC0-301F-11D3-BF4B-00C04F79EFBC}") = "Pass By Ref", "Pass By Ref\Pass By Ref.csproj", "{38DE2AE1-12FF-45D0-8854-8E61013D278F}"
EndProject
Global
	GlobalSection(SolutionConfigurationPlatforms) = preSolution
		Debug|Any CPU = Debug|Any CPU
		Release|Any CPU = Release|Any CPU
	EndGlobalSection
	GlobalSection(ProjectConfigurationPlatforms) = postSolution
		{38DE2AE1-12FF-45D0-8854-8E61013D278F}.Debug|Any CPU.ActiveCfg = Debug|Any CPU
		{38DE2AE1-12FF-45D0-8854-8E61013D278F}.Debug|Any CPU.Build.0 = Debug|Any CPU
		{38DE2AE1-12FF-45D0-8854-8E61013D278F}.Release|Any CPU.ActiveCfg = Release|Any CPU
		{38DE2AE1-12FF-45D0-8854-8E61013D278F}.Release|Any CPU.Build.0 = Release|Any CPU
	EndGlobalSection
	GlobalSection(SolutionProperties) = preSolution
		HideSolutionNode = FALSE
	EndGlobalSection
	GlobalSection(ExtensibilityGlobals) = postSolution
		SolutionGuid = {319B1434-6E97-4705-8A08-A16AE5C11D0F}
	EndGlobalSection
EndGlobal
