
Microsoft Visual Studio Solution File, Format Version 12.00
# Visual Studio Version 16
VisualStudioVersion = 16.0.32510.428
MinimumVisualStudioVersion = 10.0.40219.1
Project("{FAE04EC0-301F-11D3-BF4B-00C04F79EFBC}") = "OOPLAB3T1", "OOPLAB3T1\OOPLAB3T1.csproj", "{090EAE44-9BCE-48C2-942E-A6305D836783}"
EndProject
Global
	GlobalSection(SolutionConfigurationPlatforms) = preSolution
		Debug|Any CPU = Debug|Any CPU
		Release|Any CPU = Release|Any CPU
	EndGlobalSection
	GlobalSection(ProjectConfigurationPlatforms) = postSolution
		{090EAE44-9BCE-48C2-942E-A6305D836783}.Debug|Any CPU.ActiveCfg = Debug|Any CPU
		{090EAE44-9BCE-48C2-942E-A6305D836783}.Debug|Any CPU.Build.0 = Debug|Any CPU
		{090EAE44-9BCE-48C2-942E-A6305D836783}.Release|Any CPU.ActiveCfg = Release|Any CPU
		{090EAE44-9BCE-48C2-942E-A6305D836783}.Release|Any CPU.Build.0 = Release|Any CPU
	EndGlobalSection
	GlobalSection(SolutionProperties) = preSolution
		HideSolutionNode = FALSE
	EndGlobalSection
	GlobalSection(ExtensibilityGlobals) = postSolution
		SolutionGuid = {4CA1E8DE-FFE7-45E0-A0C1-F329DAC98ACD}
	EndGlobalSection
EndGlobal
