
Microsoft Visual Studio Solution File, Format Version 12.00
# Visual Studio Version 17
VisualStudioVersion = 17.2.32616.157
MinimumVisualStudioVersion = 10.0.40219.1
Project("{FAE04EC0-301F-11D3-BF4B-00C04F79EFBC}") = "Ref Out Keywords", "Ref Out Keywords\Ref Out Keywords.csproj", "{591F9FAE-C3C0-4AA2-B4AE-E14F45A01F4D}"
EndProject
Global
	GlobalSection(SolutionConfigurationPlatforms) = preSolution
		Debug|Any CPU = Debug|Any CPU
		Release|Any CPU = Release|Any CPU
	EndGlobalSection
	GlobalSection(ProjectConfigurationPlatforms) = postSolution
		{591F9FAE-C3C0-4AA2-B4AE-E14F45A01F4D}.Debug|Any CPU.ActiveCfg = Debug|Any CPU
		{591F9FAE-C3C0-4AA2-B4AE-E14F45A01F4D}.Debug|Any CPU.Build.0 = Debug|Any CPU
		{591F9FAE-C3C0-4AA2-B4AE-E14F45A01F4D}.Release|Any CPU.ActiveCfg = Release|Any CPU
		{591F9FAE-C3C0-4AA2-B4AE-E14F45A01F4D}.Release|Any CPU.Build.0 = Release|Any CPU
	EndGlobalSection
	GlobalSection(SolutionProperties) = preSolution
		HideSolutionNode = FALSE
	EndGlobalSection
	GlobalSection(ExtensibilityGlobals) = postSolution
		SolutionGuid = {E0A82FA5-A313-4C32-BDA6-E8E9AF1BBBC3}
	EndGlobalSection
EndGlobal
