
Microsoft Visual Studio Solution File, Format Version 12.00
# Visual Studio Version 16
VisualStudioVersion = 16.0.32510.428
MinimumVisualStudioVersion = 10.0.40219.1
Project("{FAE04EC0-301F-11D3-BF4B-00C04F79EFBC}") = "PropertyDeclaration", "PropertyDeclaration\PropertyDeclaration.csproj", "{0A6578B2-627B-4188-BCD0-46DC20607ADD}"
EndProject
Global
	GlobalSection(SolutionConfigurationPlatforms) = preSolution
		Debug|Any CPU = Debug|Any CPU
		Release|Any CPU = Release|Any CPU
	EndGlobalSection
	GlobalSection(ProjectConfigurationPlatforms) = postSolution
		{0A6578B2-627B-4188-BCD0-46DC20607ADD}.Debug|Any CPU.ActiveCfg = Debug|Any CPU
		{0A6578B2-627B-4188-BCD0-46DC20607ADD}.Debug|Any CPU.Build.0 = Debug|Any CPU
		{0A6578B2-627B-4188-BCD0-46DC20607ADD}.Release|Any CPU.ActiveCfg = Release|Any CPU
		{0A6578B2-627B-4188-BCD0-46DC20607ADD}.Release|Any CPU.Build.0 = Release|Any CPU
	EndGlobalSection
	GlobalSection(SolutionProperties) = preSolution
		HideSolutionNode = FALSE
	EndGlobalSection
	GlobalSection(ExtensibilityGlobals) = postSolution
		SolutionGuid = {4BF7E502-3EAA-4A57-8EA2-2ADB72BB2E6B}
	EndGlobalSection
EndGlobal
