
Microsoft Visual Studio Solution File, Format Version 12.00
# Visual Studio Version 16
VisualStudioVersion = 16.0.32510.428
MinimumVisualStudioVersion = 10.0.40219.1
Project("{FAE04EC0-301F-11D3-BF4B-00C04F79EFBC}") = "OOPL3T2", "OOPL3T2\OOPL3T2.csproj", "{77930DDC-83E3-4467-AF0C-CAFBA0261E27}"
EndProject
Global
	GlobalSection(SolutionConfigurationPlatforms) = preSolution
		Debug|Any CPU = Debug|Any CPU
		Release|Any CPU = Release|Any CPU
	EndGlobalSection
	GlobalSection(ProjectConfigurationPlatforms) = postSolution
		{77930DDC-83E3-4467-AF0C-CAFBA0261E27}.Debug|Any CPU.ActiveCfg = Debug|Any CPU
		{77930DDC-83E3-4467-AF0C-CAFBA0261E27}.Debug|Any CPU.Build.0 = Debug|Any CPU
		{77930DDC-83E3-4467-AF0C-CAFBA0261E27}.Release|Any CPU.ActiveCfg = Release|Any CPU
		{77930DDC-83E3-4467-AF0C-CAFBA0261E27}.Release|Any CPU.Build.0 = Release|Any CPU
	EndGlobalSection
	GlobalSection(SolutionProperties) = preSolution
		HideSolutionNode = FALSE
	EndGlobalSection
	GlobalSection(ExtensibilityGlobals) = postSolution
		SolutionGuid = {EF996603-9506-4344-8EC1-A7976D241A5A}
	EndGlobalSection
EndGlobal
