
Microsoft Visual Studio Solution File, Format Version 12.00
# Visual Studio Version 16
VisualStudioVersion = 16.0.32510.428
MinimumVisualStudioVersion = 10.0.40219.1
Project("{FAE04EC0-301F-11D3-BF4B-00C04F79EFBC}") = "OOP2 LAB4 Final Phonebook app", "OOP2 LAB4 Final Phonebook app\OOP2 LAB4 Final Phonebook app.csproj", "{4C6F458F-7CE4-4220-AD30-307BD4BA7E51}"
EndProject
Global
	GlobalSection(SolutionConfigurationPlatforms) = preSolution
		Debug|Any CPU = Debug|Any CPU
		Release|Any CPU = Release|Any CPU
	EndGlobalSection
	GlobalSection(ProjectConfigurationPlatforms) = postSolution
		{4C6F458F-7CE4-4220-AD30-307BD4BA7E51}.Debug|Any CPU.ActiveCfg = Debug|Any CPU
		{4C6F458F-7CE4-4220-AD30-307BD4BA7E51}.Debug|Any CPU.Build.0 = Debug|Any CPU
		{4C6F458F-7CE4-4220-AD30-307BD4BA7E51}.Release|Any CPU.ActiveCfg = Release|Any CPU
		{4C6F458F-7CE4-4220-AD30-307BD4BA7E51}.Release|Any CPU.Build.0 = Release|Any CPU
	EndGlobalSection
	GlobalSection(SolutionProperties) = preSolution
		HideSolutionNode = FALSE
	EndGlobalSection
	GlobalSection(ExtensibilityGlobals) = postSolution
		SolutionGuid = {E17B7FEA-A08F-476C-9FAF-6D8ABBFEB040}
	EndGlobalSection
EndGlobal
