
Microsoft Visual Studio Solution File, Format Version 12.00
# Visual Studio Version 16
VisualStudioVersion = 16.0.32510.428
MinimumVisualStudioVersion = 10.0.40219.1
Project("{FAE04EC0-301F-11D3-BF4B-00C04F79EFBC}") = "Mid Prep Encapsulation", "Mid Prep Encapsulation\Mid Prep Encapsulation.csproj", "{BAE3A9DD-7517-4683-8699-E23473D333A1}"
EndProject
Global
	GlobalSection(SolutionConfigurationPlatforms) = preSolution
		Debug|Any CPU = Debug|Any CPU
		Release|Any CPU = Release|Any CPU
	EndGlobalSection
	GlobalSection(ProjectConfigurationPlatforms) = postSolution
		{BAE3A9DD-7517-4683-8699-E23473D333A1}.Debug|Any CPU.ActiveCfg = Debug|Any CPU
		{BAE3A9DD-7517-4683-8699-E23473D333A1}.Debug|Any CPU.Build.0 = Debug|Any CPU
		{BAE3A9DD-7517-4683-8699-E23473D333A1}.Release|Any CPU.ActiveCfg = Release|Any CPU
		{BAE3A9DD-7517-4683-8699-E23473D333A1}.Release|Any CPU.Build.0 = Release|Any CPU
	EndGlobalSection
	GlobalSection(SolutionProperties) = preSolution
		HideSolutionNode = FALSE
	EndGlobalSection
	GlobalSection(ExtensibilityGlobals) = postSolution
		SolutionGuid = {31DB42D4-BE8E-4D26-95B1-3468BEABB3B8}
	EndGlobalSection
EndGlobal
