
Microsoft Visual Studio Solution File, Format Version 12.00
# Visual Studio Version 16
VisualStudioVersion = 16.0.32510.428
MinimumVisualStudioVersion = 10.0.40219.1
Project("{FAE04EC0-301F-11D3-BF4B-00C04F79EFBC}") = "Brocode Arithmetic Operators", "Brocode Arithmetic Operators\Brocode Arithmetic Operators.csproj", "{B16A0DC8-D238-4E2D-AE00-E1873DA3595A}"
EndProject
Global
	GlobalSection(SolutionConfigurationPlatforms) = preSolution
		Debug|Any CPU = Debug|Any CPU
		Release|Any CPU = Release|Any CPU
	EndGlobalSection
	GlobalSection(ProjectConfigurationPlatforms) = postSolution
		{B16A0DC8-D238-4E2D-AE00-E1873DA3595A}.Debug|Any CPU.ActiveCfg = Debug|Any CPU
		{B16A0DC8-D238-4E2D-AE00-E1873DA3595A}.Debug|Any CPU.Build.0 = Debug|Any CPU
		{B16A0DC8-D238-4E2D-AE00-E1873DA3595A}.Release|Any CPU.ActiveCfg = Release|Any CPU
		{B16A0DC8-D238-4E2D-AE00-E1873DA3595A}.Release|Any CPU.Build.0 = Release|Any CPU
	EndGlobalSection
	GlobalSection(SolutionProperties) = preSolution
		HideSolutionNode = FALSE
	EndGlobalSection
	GlobalSection(ExtensibilityGlobals) = postSolution
		SolutionGuid = {76575F26-CBC5-4E2C-9B2D-8913C2A19C31}
	EndGlobalSection
EndGlobal
