
Microsoft Visual Studio Solution File, Format Version 12.00
# Visual Studio Version 16
VisualStudioVersion = 16.0.32510.428
MinimumVisualStudioVersion = 10.0.40219.1
Project("{FAE04EC0-301F-11D3-BF4B-00C04F79EFBC}") = "Brocode Hypotenus Calculator Program", "Brocode Hypotenus Calculator Program\Brocode Hypotenus Calculator Program.csproj", "{AED33D2E-9272-445F-9ED9-32F259B60767}"
EndProject
Global
	GlobalSection(SolutionConfigurationPlatforms) = preSolution
		Debug|Any CPU = Debug|Any CPU
		Release|Any CPU = Release|Any CPU
	EndGlobalSection
	GlobalSection(ProjectConfigurationPlatforms) = postSolution
		{AED33D2E-9272-445F-9ED9-32F259B60767}.Debug|Any CPU.ActiveCfg = Debug|Any CPU
		{AED33D2E-9272-445F-9ED9-32F259B60767}.Debug|Any CPU.Build.0 = Debug|Any CPU
		{AED33D2E-9272-445F-9ED9-32F259B60767}.Release|Any CPU.ActiveCfg = Release|Any CPU
		{AED33D2E-9272-445F-9ED9-32F259B60767}.Release|Any CPU.Build.0 = Release|Any CPU
	EndGlobalSection
	GlobalSection(SolutionProperties) = preSolution
		HideSolutionNode = FALSE
	EndGlobalSection
	GlobalSection(ExtensibilityGlobals) = postSolution
		SolutionGuid = {0B0052B2-C291-4B5F-8972-BB925FA54966}
	EndGlobalSection
EndGlobal
